
Microsoft Visual Studio Solution File, Format Version 12.00
# Visual Studio Version 16
VisualStudioVersion = 16.0.30711.63
MinimumVisualStudioVersion = 10.0.40219.1
Project("{9A19103F-16F7-4668-BE54-9A1E7A4F7556}") = "Entities", "Entities\Entities.csproj", "{45C06455-8FA6-4402-BF56-D7ACB2EA954C}"
EndProject
Project("{9A19103F-16F7-4668-BE54-9A1E7A4F7556}") = "DataAccess", "DataAccess\DataAccess.csproj", "{C4A169DC-832A-40E3-88FA-810503BEB6EE}"
EndProject
Project("{9A19103F-16F7-4668-BE54-9A1E7A4F7556}") = "Business", "Business\Business.csproj", "{3BCBF9E5-6B76-4B54-877D-4D549FF369FA}"
EndProject
Project("{9A19103F-16F7-4668-BE54-9A1E7A4F7556}") = "Core", "Core\Core.csproj", "{1AB81257-EEBB-4092-B629-FE4DA21AA472}"
EndProject
Project("{9A19103F-16F7-4668-BE54-9A1E7A4F7556}") = "Wep.API", "Wep.API\Wep.API.csproj", "{2ADDA4F1-7571-4BD4-9492-267661ACC5D8}"
EndProject
Global
	GlobalSection(SolutionConfigurationPlatforms) = preSolution
		Debug|Any CPU = Debug|Any CPU
		Release|Any CPU = Release|Any CPU
	EndGlobalSection
	GlobalSection(ProjectConfigurationPlatforms) = postSolution
		{45C06455-8FA6-4402-BF56-D7ACB2EA954C}.Debug|Any CPU.ActiveCfg = Debug|Any CPU
		{45C06455-8FA6-4402-BF56-D7ACB2EA954C}.Debug|Any CPU.Build.0 = Debug|Any CPU
		{45C06455-8FA6-4402-BF56-D7ACB2EA954C}.Release|Any CPU.ActiveCfg = Release|Any CPU
		{45C06455-8FA6-4402-BF56-D7ACB2EA954C}.Release|Any CPU.Build.0 = Release|Any CPU
		{C4A169DC-832A-40E3-88FA-810503BEB6EE}.Debug|Any CPU.ActiveCfg = Debug|Any CPU
		{C4A169DC-832A-40E3-88FA-810503BEB6EE}.Debug|Any CPU.Build.0 = Debug|Any CPU
		{C4A169DC-832A-40E3-88FA-810503BEB6EE}.Release|Any CPU.ActiveCfg = Release|Any CPU
		{C4A169DC-832A-40E3-88FA-810503BEB6EE}.Release|Any CPU.Build.0 = Release|Any CPU
		{3BCBF9E5-6B76-4B54-877D-4D549FF369FA}.Debug|Any CPU.ActiveCfg = Debug|Any CPU
		{3BCBF9E5-6B76-4B54-877D-4D549FF369FA}.Debug|Any CPU.Build.0 = Debug|Any CPU
		{3BCBF9E5-6B76-4B54-877D-4D549FF369FA}.Release|Any CPU.ActiveCfg = Release|Any CPU
		{3BCBF9E5-6B76-4B54-877D-4D549FF369FA}.Release|Any CPU.Build.0 = Release|Any CPU
		{1AB81257-EEBB-4092-B629-FE4DA21AA472}.Debug|Any CPU.ActiveCfg = Debug|Any CPU
		{1AB81257-EEBB-4092-B629-FE4DA21AA472}.Debug|Any CPU.Build.0 = Debug|Any CPU
		{1AB81257-EEBB-4092-B629-FE4DA21AA472}.Release|Any CPU.ActiveCfg = Release|Any CPU
		{1AB81257-EEBB-4092-B629-FE4DA21AA472}.Release|Any CPU.Build.0 = Release|Any CPU
		{2ADDA4F1-7571-4BD4-9492-267661ACC5D8}.Debug|Any CPU.ActiveCfg = Debug|Any CPU
		{2ADDA4F1-7571-4BD4-9492-267661ACC5D8}.Debug|Any CPU.Build.0 = Debug|Any CPU
		{2ADDA4F1-7571-4BD4-9492-267661ACC5D8}.Release|Any CPU.ActiveCfg = Release|Any CPU
		{2ADDA4F1-7571-4BD4-9492-267661ACC5D8}.Release|Any CPU.Build.0 = Release|Any CPU
	EndGlobalSection
	GlobalSection(SolutionProperties) = preSolution
		HideSolutionNode = FALSE
	EndGlobalSection
	GlobalSection(ExtensibilityGlobals) = postSolution
		SolutionGuid = {8E26D233-487F-49FC-BFC7-DAB3FFEEF29E}
	EndGlobalSection
EndGlobal
